Microsoft Visual Studio Solution File, Format Version 12.00
# Visual Studio Version 17
VisualStudioVersion = 17.5.2.0
MinimumVisualStudioVersion = 10.0.40219.1
Project("{FAE04EC0-301F-11D3-BF4B-00C04F79EFBC}") = "aitour2025", "aitour2025.csproj", "{7F38A4A8-BDFB-28EE-B7FF-C0A0BEFF59DF}"
EndProject
Global
	GlobalSection(SolutionConfigurationPlatforms) = preSolution
		Debug|Any CPU = Debug|Any CPU
		Release|Any CPU = Release|Any CPU
	EndGlobalSection
	GlobalSection(ProjectConfigurationPlatforms) = postSolution
		{7F38A4A8-BDFB-28EE-B7FF-C0A0BEFF59DF}.Debug|Any CPU.ActiveCfg = Debug|Any CPU
		{7F38A4A8-BDFB-28EE-B7FF-C0A0BEFF59DF}.Debug|Any CPU.Build.0 = Debug|Any CPU
		{7F38A4A8-BDFB-28EE-B7FF-C0A0BEFF59DF}.Release|Any CPU.ActiveCfg = Release|Any CPU
		{7F38A4A8-BDFB-28EE-B7FF-C0A0BEFF59DF}.Release|Any CPU.Build.0 = Release|Any CPU
	EndGlobalSection
	GlobalSection(SolutionProperties) = preSolution
		HideSolutionNode = FALSE
	EndGlobalSection
	GlobalSection(ExtensibilityGlobals) = postSolution
		SolutionGuid = {EE45276C-DD55-433B-B9DF-11C4B35FC203}
	EndGlobalSection
EndGlobal